
Microsoft Visual Studio Solution File, Format Version 12.00
# Visual Studio Version 16
VisualStudioVersion = 16.0.33927.289
MinimumVisualStudioVersion = 10.0.40219.1
Project("{FAE04EC0-301F-11D3-BF4B-00C04F79EFBC}") = "MyELearningProject", "MyELearningProject\MyELearningProject.csproj", "{A45D8ADF-3FA6-4586-A997-1AC83F6C62FB}"
EndProject
Global
	GlobalSection(SolutionConfigurationPlatforms) = preSolution
		Debug|Any CPU = Debug|Any CPU
		Release|Any CPU = Release|Any CPU
	EndGlobalSection
	GlobalSection(ProjectConfigurationPlatforms) = postSolution
		{A45D8ADF-3FA6-4586-A997-1AC83F6C62FB}.Debug|Any CPU.ActiveCfg = Debug|Any CPU
		{A45D8ADF-3FA6-4586-A997-1AC83F6C62FB}.Debug|Any CPU.Build.0 = Debug|Any CPU
		{A45D8ADF-3FA6-4586-A997-1AC83F6C62FB}.Release|Any CPU.ActiveCfg = Release|Any CPU
		{A45D8ADF-3FA6-4586-A997-1AC83F6C62FB}.Release|Any CPU.Build.0 = Release|Any CPU
	EndGlobalSection
	GlobalSection(SolutionProperties) = preSolution
		HideSolutionNode = FALSE
	EndGlobalSection
	GlobalSection(ExtensibilityGlobals) = postSolution
		SolutionGuid = {7F22D729-2A87-4A82-8C25-66E6C1C35217}
	EndGlobalSection
EndGlobal
